
Microsoft Visual Studio Solution File, Format Version 12.00
# Visual Studio Version 17
VisualStudioVersion = 17.14.36811.4
MinimumVisualStudioVersion = 10.0.40219.1
Project("{FAE04EC0-301F-11D3-BF4B-00C04F79EFBC}") = "IntelliMacro.Runtime", "IntelliMacro.Runtime\IntelliMacro.Runtime.csproj", "{2539332F-DAC4-4207-B769-0151AA1EFE52}"
EndProject
Project("{FAE04EC0-301F-11D3-BF4B-00C04F79EFBC}") = "IntelliMacro.Core", "IntelliMacro.Core\IntelliMacro.Core.csproj", "{A1FFC677-C0CC-413D-ACB3-D74161087A16}"
EndProject
Project("{FAE04EC0-301F-11D3-BF4B-00C04F79EFBC}") = "IntelliMacro.CoreCommands", "IntelliMacro.CoreCommands\IntelliMacro.CoreCommands.csproj", "{3212F3A6-E226-4AB7-B3B4-47576B12A312}"
EndProject
Global
	GlobalSection(SolutionConfigurationPlatforms) = preSolution
		Debug|Any CPU = Debug|Any CPU
		Release|Any CPU = Release|Any CPU
	EndGlobalSection
	GlobalSection(ProjectConfigurationPlatforms) = postSolution
		{2539332F-DAC4-4207-B769-0151AA1EFE52}.Debug|Any CPU.ActiveCfg = Debug|Any CPU
		{2539332F-DAC4-4207-B769-0151AA1EFE52}.Debug|Any CPU.Build.0 = Debug|Any CPU
		{2539332F-DAC4-4207-B769-0151AA1EFE52}.Release|Any CPU.ActiveCfg = Release|Any CPU
		{2539332F-DAC4-4207-B769-0151AA1EFE52}.Release|Any CPU.Build.0 = Release|Any CPU
		{A1FFC677-C0CC-413D-ACB3-D74161087A16}.Debug|Any CPU.ActiveCfg = Debug|Any CPU
		{A1FFC677-C0CC-413D-ACB3-D74161087A16}.Debug|Any CPU.Build.0 = Debug|Any CPU
		{A1FFC677-C0CC-413D-ACB3-D74161087A16}.Release|Any CPU.ActiveCfg = Release|Any CPU
		{A1FFC677-C0CC-413D-ACB3-D74161087A16}.Release|Any CPU.Build.0 = Release|Any CPU
		{3212F3A6-E226-4AB7-B3B4-47576B12A312}.Debug|Any CPU.ActiveCfg = Debug|Any CPU
		{3212F3A6-E226-4AB7-B3B4-47576B12A312}.Debug|Any CPU.Build.0 = Debug|Any CPU
		{3212F3A6-E226-4AB7-B3B4-47576B12A312}.Release|Any CPU.ActiveCfg = Release|Any CPU
		{3212F3A6-E226-4AB7-B3B4-47576B12A312}.Release|Any CPU.Build.0 = Release|Any CPU
	EndGlobalSection
	GlobalSection(SolutionProperties) = preSolution
		HideSolutionNode = FALSE
	EndGlobalSection
	GlobalSection(ExtensibilityGlobals) = postSolution
		SolutionGuid = {8AA77A15-CED2-467D-A04B-0B36C3AE9033}
	EndGlobalSection
EndGlobal
